
Microsoft Visual Studio Solution File, Format Version 12.00
# Visual Studio Version 17
VisualStudioVersion = 17.0.31903.59
MinimumVisualStudioVersion = 10.0.40219.1
Project("{9A19103F-16F7-4668-BE54-9A1E7A4F7556}") = "JustChores.MobileApp", "JustChores.MobileApp\JustChores.MobileApp.csproj", "{1BB85271-D75F-4064-8449-8ECC753E75F8}"
EndProject
Project("{9A19103F-16F7-4668-BE54-9A1E7A4F7556}") = "JustChores.CodeGenerator", "JustChores.CodeGenerator\JustChores.CodeGenerator.csproj", "{A85D6C99-2AD9-4EA1-B8B6-8B6E388649F0}"
EndProject
Global
	GlobalSection(SolutionConfigurationPlatforms) = preSolution
		Debug|Any CPU = Debug|Any CPU
		Release|Any CPU = Release|Any CPU
	EndGlobalSection
	GlobalSection(ProjectConfigurationPlatforms) = postSolution
		{1BB85271-D75F-4064-8449-8ECC753E75F8}.Debug|Any CPU.ActiveCfg = Debug|Any CPU
		{1BB85271-D75F-4064-8449-8ECC753E75F8}.Debug|Any CPU.Build.0 = Debug|Any CPU
		{1BB85271-D75F-4064-8449-8ECC753E75F8}.Debug|Any CPU.Deploy.0 = Debug|Any CPU
		{1BB85271-D75F-4064-8449-8ECC753E75F8}.Release|Any CPU.ActiveCfg = Release|Any CPU
		{1BB85271-D75F-4064-8449-8ECC753E75F8}.Release|Any CPU.Build.0 = Release|Any CPU
		{1BB85271-D75F-4064-8449-8ECC753E75F8}.Release|Any CPU.Deploy.0 = Release|Any CPU
		{A85D6C99-2AD9-4EA1-B8B6-8B6E388649F0}.Debug|Any CPU.ActiveCfg = Debug|Any CPU
		{A85D6C99-2AD9-4EA1-B8B6-8B6E388649F0}.Release|Any CPU.ActiveCfg = Release|Any CPU
	EndGlobalSection
	GlobalSection(SolutionProperties) = preSolution
		HideSolutionNode = FALSE
	EndGlobalSection
	GlobalSection(ExtensibilityGlobals) = postSolution
		SolutionGuid = {95999F24-F0D2-417E-9F66-B5AF696D5A23}
	EndGlobalSection
EndGlobal
